// !$*UTF8*$!
{
	archiveVersion = 1;
	classes = {
	};
	objectVersion = 50;
	objects = {

/* Begin PBXBuildFile section */
		DAB1AF94243BA58200D381A0 /* AppDelegate.swift in Sources */ = {isa = PBXBuildFile; fileRef = DAB1AF93243BA58200D381A0 /* AppDelegate.swift */; };
		DAB1AF96243BA58200D381A0 /* SceneDelegate.swift in Sources */ = {isa = PBXBuildFile; fileRef = DAB1AF95243BA58200D381A0 /* SceneDelegate.swift */; };
		DAB1AF98243BA58200D381A0 /* ViewController.swift in Sources */ = {isa = PBXBuildFile; fileRef = DAB1AF97243BA58200D381A0 /* ViewController.swift */; };
		DAB1AF9B243BA58200D381A0 /* Main.storyboard in Resources */ = {isa = PBXBuildFile; fileRef = DAB1AF99243BA58200D381A0 /* Main.storyboard */; };
		DAB1AF9D243BA58200D381A0 /* Assets.xcassets in Resources */ = {isa = PBXBuildFile; fileRef = DAB1AF9C243BA58200D381A0 /* Assets.xcassets */; };
		DAB1AFA0243BA58200D381A0 /* LaunchScreen.storyboard in Resources */ = {isa = PBXBuildFile; fileRef = DAB1AF9E243BA58200D381A0 /* LaunchScreen.storyboard */; };
		DAB1AFAB243BA58200D381A0 /* CleanIOSArchitectureTests.swift in Sources */ = {isa = PBXBuildFile; fileRef = DAB1AFAA243BA58200D381A0 /* CleanIOSArchitectureTests.swift */; };
/* End PBXBuildFile section */

/* Begin PBXContainerItemProxy section */
		DAB1AFA7243BA58200D381A0 /* PBXContainerItemProxy */ = {
			isa = PBXContainerItemProxy;
			containerPortal = DAB1AF88243BA58100D381A0 /* Project object */;
			proxyType = 1;
			remoteGlobalIDString = DAB1AF8F243BA58200D381A0;
			remoteInfo = CleanIOSArchitecture;
		};
/* End PBXContainerItemProxy section */

/* Begin PBXFileReference section */
		DAB1AF90243BA58200D381A0 /* CleanIOSArchitecture.app */ = {isa = PBXFileReference; explicitFileType = wrapper.application; includeInIndex = 0; path = CleanIOSArchitecture.app; sourceTree = BUILT_PRODUCTS_DIR; };
		DAB1AF93243BA58200D381A0 /* AppDelegate.swift */ = {isa = PBXFileReference; lastKnownFileType = sourcecode.swift; path = AppDelegate.swift; sourceTree = "<group>"; };
		DAB1AF95243BA58200D381A0 /* SceneDelegate.swift */ = {isa = PBXFileReference; lastKnownFileType = sourcecode.swift; path = SceneDelegate.swift; sourceTree = "<group>"; };
		DAB1AF97243BA58200D381A0 /* ViewController.swift */ = {isa = PBXFileReference; lastKnownFileType = sourcecode.swift; path = ViewController.swift; sourceTree = "<group>"; };
		DAB1AF9A243BA58200D381A0 /* Base */ = {isa = PBXFileReference; lastKnownFileType = file.storyboard; name = Base; path = Base.lproj/Main.storyboard; sourceTree = "<group>"; };
		DAB1AF9C243BA58200D381A0 /* Assets.xcassets */ = {isa = PBXFileReference; lastKnownFileType = folder.assetcatalog; path = Assets.xcassets; sourceTree = "<group>"; };
		DAB1AF9F243BA58200D381A0 /* Base */ = {isa = PBXFileReference; lastKnownFileType = file.storyboard; name = Base; path = Base.lproj/LaunchScreen.storyboard; sourceTree = "<group>"; };
		DAB1AFA1243BA58200D381A0 /* Info.plist */ = {isa = PBXFileReference; lastKnownFileType = text.plist.xml; path = Info.plist; sourceTree = "<group>"; };
		DAB1AFA6243BA58200D381A0 /* CleanIOSArchitectureTests.xctest */ = {isa = PBXFileReference; explicitFileType = wrapper.cfbundle; includeInIndex = 0; path = CleanIOSArchitectureTests.xctest; sourceTree = BUILT_PRODUCTS_DIR; };
		DAB1AFAA243BA58200D381A0 /* CleanIOSArchitectureTests.swift */ = {isa = PBXFileReference; lastKnownFileType = sourcecode.swift; path = CleanIOSArchitectureTests.swift; sourceTree = "<group>"; };
		DAB1AFAC243BA58200D381A0 /* Info.plist */ = {isa = PBXFileReference; lastKnownFileType = text.plist.xml; path = Info.plist; sourceTree = "<group>"; };
/* End PBXFileReference section */

/* Begin PBXFrameworksBuildPhase section */
		DAB1AF8D243BA58200D381A0 /* Frameworks */ = {
			isa = PBXFrameworksBuildPhase;
			buildActionMask = 2147483647;
			files = (
			);
			runOnlyForDeploymentPostprocessing = 0;
		};
		DAB1AFA3243BA58200D381A0 /* Frameworks */ = {
			isa = PBXFrameworksBuildPhase;
			buildActionMask = 2147483647;
			files = (
			);
			runOnlyForDeploymentPostprocessing = 0;
		};
/* End PBXFrameworksBuildPhase section */

/* Begin PBXGroup section */
		DAB1AF87243BA58100D381A0 = {
			isa = PBXGroup;
			children = (
				DAB1AF92243BA58200D381A0 /* CleanIOSArchitecture */,
				DAB1AFA9243BA58200D381A0 /* CleanIOSArchitectureTests */,
				DAB1AF91243BA58200D381A0 /* Products */,
			);
			sourceTree = "<group>";
		};
		DAB1AF91243BA58200D381A0 /* Products */ = {
			isa = PBXGroup;
			children = (
				DAB1AF90243BA58200D381A0 /* CleanIOSArchitecture.app */,
				DAB1AFA6243BA58200D381A0 /* CleanIOSArchitectureTests.xctest */,
			);
			name = Products;
			sourceTree = "<group>";
		};
		DAB1AF92243BA58200D381A0 /* CleanIOSArchitecture */ = {
			isa = PBXGroup;
			children = (
				DAB1AF93243BA58200D381A0 /* AppDelegate.swift */,
				DAB1AF95243BA58200D381A0 /* SceneDelegate.swift */,
				DAB1AF97243BA58200D381A0 /* ViewController.swift */,
				DAB1AF99243BA58200D381A0 /* Main.storyboard */,
				DAB1AF9C243BA58200D381A0 /* Assets.xcassets */,
				DAB1AF9E243BA58200D381A0 /* LaunchScreen.storyboard */,
				DAB1AFA1243BA58200D381A0 /* Info.plist */,
			);
			path = CleanIOSArchitecture;
			sourceTree = "<group>";
		};
		DAB1AFA9243BA58200D381A0 /* CleanIOSArchitectureTests */ = {
			isa = PBXGroup;
			children = (
				DAB1AFAA243BA58200D381A0 /* CleanIOSArchitectureTests.swift */,
				DAB1AFAC243BA58200D381A0 /* Info.plist */,
			);
			path = CleanIOSArchitectureTests;
			sourceTree = "<group>";
		};
/* End PBXGroup section */

/* Begin PBXNativeTarget section */
		DAB1AF8F243BA58200D381A0 /* CleanIOSArchitecture */ = {
			isa = PBXNativeTarget;
			buildConfigurationList = DAB1AFAF243BA58200D381A0 /* Build configuration list for PBXNativeTarget "CleanIOSArchitecture" */;
			buildPhases = (
				DAB1AF8C243BA58200D381A0 /* Sources */,
				DAB1AF8D243BA58200D381A0 /* Frameworks */,
				DAB1AF8E243BA58200D381A0 /* Resources */,
			);
			buildRules = (
			);
			dependencies = (
			);
			name = CleanIOSArchitecture;
			productName = CleanIOSArchitecture;
			productReference = DAB1AF90243BA58200D381A0 /* CleanIOSArchitecture.app */;
			productType = "com.apple.product-type.application";
		};
		DAB1AFA5243BA58200D381A0 /* CleanIOSArchitectureTests */ = {
			isa = PBXNativeTarget;
			buildConfigurationList = DAB1AFB2243BA58200D381A0 /* Build configuration list for PBXNativeTarget "CleanIOSArchitectureTests" */;
			buildPhases = (
				DAB1AFA2243BA58200D381A0 /* Sources */,
				DAB1AFA3243BA58200D381A0 /* Frameworks */,
				DAB1AFA4243BA58200D381A0 /* Resources */,
			);
			buildRules = (
			);
			dependencies = (
				DAB1AFA8243BA58200D381A0 /* PBXTargetDependency */,
			);
			name = CleanIOSArchitectureTests;
			productName = CleanIOSArchitectureTests;
			productReference = DAB1AFA6243BA58200D381A0 /* CleanIOSArchitectureTests.xctest */;
			productType = "com.apple.product-type.bundle.unit-test";
		};
/* End PBXNativeTarget section */

/* Begin PBXProject section */
		DAB1AF88243BA58100D381A0 /* Project object */ = {
			isa = PBXProject;
			attributes = {
				LastSwiftUpdateCheck = 1120;
				LastUpgradeCheck = 1120;
				ORGANIZATIONNAME = PlayerzPotMedia;
				TargetAttributes = {
					DAB1AF8F243BA58200D381A0 = {
						CreatedOnToolsVersion = 11.2.1;
					};
					DAB1AFA5243BA58200D381A0 = {
						CreatedOnToolsVersion = 11.2.1;
						TestTargetID = DAB1AF8F243BA58200D381A0;
					};
				};
			};
			buildConfigurationList = DAB1AF8B243BA58100D381A0 /* Build configuration list for PBXProject "CleanIOSArchitecture" */;
			compatibilityVersion = "Xcode 9.3";
			developmentRegion = en;
			hasScannedForEncodings = 0;
			knownRegions = (
				en,
				Base,
			);
			mainGroup = DAB1AF87243BA58100D381A0;
			productRefGroup = DAB1AF91243BA58200D381A0 /* Products */;
			projectDirPath = "";
			projectRoot = "";
			targets = (
				DAB1AF8F243BA58200D381A0 /* CleanIOSArchitecture */,
				DAB1AFA5243BA58200D381A0 /* CleanIOSArchitectureTests */,
			);
		};
/* End PBXProject section */

/* Begin PBXResourcesBuildPhase section */
		DAB1AF8E243BA58200D381A0 /* Resources */ = {
			isa = PBXResourcesBuildPhase;
			buildActionMask = 2147483647;
			files = (
				DAB1AFA0243BA58200D381A0 /* LaunchScreen.storyboard in Resources */,
				DAB1AF9D243BA58200D381A0 /* Assets.xcassets in Resources */,
				DAB1AF9B243BA58200D381A0 /* Main.storyboard in Resources */,
			);
			runOnlyForDeploymentPostprocessing = 0;
		};
		DAB1AFA4243BA58200D381A0 /* Resources */ = {
			isa = PBXResourcesBuildPhase;
			buildActionMask = 2147483647;
			files = (
			);
			runOnlyForDeploymentPostprocessing = 0;
		};
/* End PBXResourcesBuildPhase section */

/* Begin PBXSourcesBuildPhase section */
		DAB1AF8C243BA58200D381A0 /* Sources */ = {
			isa = PBXSourcesBuildPhase;
			buildActionMask = 2147483647;
			files = (
				DAB1AF98243BA58200D381A0 /* ViewController.swift in Sources */,
				DAB1AF94243BA58200D381A0 /* AppDelegate.swift in Sources */,
				DAB1AF96243BA58200D381A0 /* SceneDelegate.swift in Sources */,
			);
			runOnlyForDeploymentPostprocessing = 0;
		};
		DAB1AFA2243BA58200D381A0 /* Sources */ = {
			isa = PBXSourcesBuildPhase;
			buildActionMask = 2147483647;
			files = (
				DAB1AFAB243BA58200D381A0 /* CleanIOSArchitectureTests.swift in Sources */,
			);
			runOnlyForDeploymentPostprocessing = 0;
		};
/* End PBXSourcesBuildPhase section */

/* Begin PBXTargetDependency section */
		DAB1AFA8243BA58200D381A0 /* PBXTargetDependency */ = {
			isa = PBXTargetDependency;
			target = DAB1AF8F243BA58200D381A0 /* CleanIOSArchitecture */;
			targetProxy = DAB1AFA7243BA58200D381A0 /* PBXContainerItemProxy */;
		};
/* End PBXTargetDependency section */

/* Begin PBXVariantGroup section */
		DAB1AF99243BA58200D381A0 /* Main.storyboard */ = {
			isa = PBXVariantGroup;
			children = (
				DAB1AF9A243BA58200D381A0 /* Base */,
			);
			name = Main.storyboard;
			sourceTree = "<group>";
		};
		DAB1AF9E243BA58200D381A0 /* LaunchScreen.storyboard */ = {
			isa = PBXVariantGroup;
			children = (
				DAB1AF9F243BA58200D381A0 /* Base */,
			);
			name = LaunchScreen.storyboard;
			sourceTree = "<group>";
		};
/* End PBXVariantGroup section */

/* Begin XCBuildConfiguration section */
		DAB1AFAD243BA58200D381A0 /* Debug */ = {
			isa = XCBuildConfiguration;
			buildSettings = {
				ALWAYS_SEARCH_USER_PATHS = NO;
				CLANG_ANALYZER_NONNULL = YES;
				CLANG_ANALYZER_NUMBER_OBJECT_CONVERSION = YES_AGGRESSIVE;
				CLANG_CXX_LANGUAGE_STANDARD = "gnu++14";
				CLANG_CXX_LIBRARY = "libc++";
				CLANG_ENABLE_MODULES = YES;
				CLANG_ENABLE_OBJC_ARC = YES;
				CLANG_ENABLE_OBJC_WEAK = YES;
				CLANG_WARN_BLOCK_CAPTURE_AUTORELEASING = YES;
				CLANG_WARN_BOOL_CONVERSION = YES;
				CLANG_WARN_COMMA = YES;
				CLANG_WARN_CONSTANT_CONVERSION = YES;
				CLANG_WARN_DEPRECATED_OBJC_IMPLEMENTATIONS = YES;
				CLANG_WARN_DIRECT_OBJC_ISA_USAGE = YES_ERROR;
				CLANG_WARN_DOCUMENTATION_COMMENTS = YES;
				CLANG_WARN_EMPTY_BODY = YES;
				CLANG_WARN_ENUM_CONVERSION = YES;
				CLANG_WARN_INFINITE_RECURSION = YES;
				CLANG_WARN_INT_CONVERSION = YES;
				CLANG_WARN_NON_LITERAL_NULL_CONVERSION = YES;
				CLANG_WARN_OBJC_IMPLICIT_RETAIN_SELF = YES;
				CLANG_WARN_OBJC_LITERAL_CONVERSION = YES;
				CLANG_WARN_OBJC_ROOT_CLASS = YES_ERROR;
				CLANG_WARN_RANGE_LOOP_ANALYSIS = YES;
				CLANG_WARN_STRICT_PROTOTYPES = YES;
				CLANG_WARN_SUSPICIOUS_MOVE = YES;
				CLANG_WARN_UNGUARDED_AVAILABILITY = YES_AGGRESSIVE;
				CLANG_WARN_UNREACHABLE_CODE = YES;
				CLANG_WARN__DUPLICATE_METHOD_MATCH = YES;
				COPY_PHASE_STRIP = NO;
				DEBUG_INFORMATION_FORMAT = dwarf;
				ENABLE_STRICT_OBJC_MSGSEND = YES;
				ENABLE_TESTABILITY = YES;
				GCC_C_LANGUAGE_STANDARD = gnu11;
				GCC_DYNAMIC_NO_PIC = NO;
				GCC_NO_COMMON_BLOCKS = YES;
				GCC_OPTIMIZATION_LEVEL = 0;
				GCC_PREPROCESSOR_DEFINITIONS = (
					"DEBUG=1",
					"$(inherited)",
				);
				GCC_WARN_64_TO_32_BIT_CONVERSION = YES;
				GCC_WARN_ABOUT_RETURN_TYPE = YES_ERROR;
				GCC_WARN_UNDECLARED_SELECTOR = YES;
				GCC_WARN_UNINITIALIZED_AUTOS = YES_AGGRESSIVE;
				GCC_WARN_UNUSED_FUNCTION = YES;
				GCC_WARN_UNUSED_VARIABLE = YES;
				IPHONEOS_DEPLOYMENT_TARGET = 13.2;
				MTL_ENABLE_DEBUG_INFO = INCLUDE_SOURCE;
				MTL_FAST_MATH = YES;
				ONLY_ACTIVE_ARCH = YES;
				SDKROOT = iphoneos;
				SWIFT_ACTIVE_COMPILATION_CONDITIONS = DEBUG;
				SWIFT_OPTIMIZATION_LEVEL = "-Onone";
			};
			name = Debug;
		};
		DAB1AFAE243BA58200D381A0 /* Release */ = {
			isa = XCBuildConfiguration;
			buildSettings = {
				ALWAYS_SEARCH_USER_PATHS = NO;
				CLANG_ANALYZER_NONNULL = YES;
				CLANG_ANALYZER_NUMBER_OBJECT_CONVERSION = YES_AGGRESSIVE;
				CLANG_CXX_LANGUAGE_STANDARD = "gnu++14";
				CLANG_CXX_LIBRARY = "libc++";
				CLANG_ENABLE_MODULES = YES;
				CLANG_ENABLE_OBJC_ARC = YES;
				CLANG_ENABLE_OBJC_WEAK = YES;
				CLANG_WARN_BLOCK_CAPTURE_AUTORELEASING = YES;
				CLANG_WARN_BOOL_CONVERSION = YES;
				CLANG_WARN_COMMA = YES;
				CLANG_WARN_CONSTANT_CONVERSION = YES;
				CLANG_WARN_DEPRECATED_OBJC_IMPLEMENTATIONS = YES;
				CLANG_WARN_DIRECT_OBJC_ISA_USAGE = YES_ERROR;
				CLANG_WARN_DOCUMENTATION_COMMENTS = YES;
				CLANG_WARN_EMPTY_BODY = YES;
				CLANG_WARN_ENUM_CONVERSION = YES;
				CLANG_WARN_INFINITE_RECURSION = YES;
				CLANG_WARN_INT_CONVERSION = YES;
				CLANG_WARN_NON_LITERAL_NULL_CONVERSION = YES;
				CLANG_WARN_OBJC_IMPLICIT_RETAIN_SELF = YES;
				CLANG_WARN_OBJC_LITERAL_CONVERSION = YES;
				CLANG_WARN_OBJC_ROOT_CLASS = YES_ERROR;
				CLANG_WARN_RANGE_LOOP_ANALYSIS = YES;
				CLANG_WARN_STRICT_PROTOTYPES = YES;
				CLANG_WARN_SUSPICIOUS_MOVE = YES;
				CLANG_WARN_UNGUARDED_AVAILABILITY = YES_AGGRESSIVE;
				CLANG_WARN_UNREACHABLE_CODE = YES;
				CLANG_WARN__DUPLICATE_METHOD_MATCH = YES;
				COPY_PHASE_STRIP = NO;
				DEBUG_INFORMATION_FORMAT = "dwarf-with-dsym";
				ENABLE_NS_ASSERTIONS = NO;
				ENABLE_STRICT_OBJC_MSGSEND = YES;
				GCC_C_LANGUAGE_STANDARD = gnu11;
				GCC_NO_COMMON_BLOCKS = YES;
				GCC_WARN_64_TO_32_BIT_CONVERSION = YES;
				GCC_WARN_ABOUT_RETURN_TYPE = YES_ERROR;
				GCC_WARN_UNDECLARED_SELECTOR = YES;
				GCC_WARN_UNINITIALIZED_AUTOS = YES_AGGRESSIVE;
				GCC_WARN_UNUSED_FUNCTION = YES;
				GCC_WARN_UNUSED_VARIABLE = YES;
				IPHONEOS_DEPLOYMENT_TARGET = 13.2;
				MTL_ENABLE_DEBUG_INFO = NO;
				MTL_FAST_MATH = YES;
				SDKROOT = iphoneos;
				SWIFT_COMPILATION_MODE = wholemodule;
				SWIFT_OPTIMIZATION_LEVEL = "-O";
				VALIDATE_PRODUCT = YES;
			};
			name = Release;
		};
		DAB1AFB0243BA58200D381A0 /* Debug */ = {
			isa = XCBuildConfiguration;
			buildSettings = {
				ASSETCATALOG_COMPILER_APPICON_NAME = AppIcon;
				CODE_SIGN_STYLE = Automatic;
				DEVELOPMENT_TEAM = 7H749SZ6XX;
				INFOPLIST_FILE = CleanIOSArchitecture/Info.plist;
				LD_RUNPATH_SEARCH_PATHS = (
					"$(inherited)",
					"@executable_path/Frameworks",
				);
				PRODUCT_BUNDLE_IDENTIFIER = com.CleanIOSArchitecture;
				PRODUCT_NAME = "$(TARGET_NAME)";
				SWIFT_VERSION = 5.0;
				TARGETED_DEVICE_FAMILY = "1,2";
			};
			name = Debug;
		};
		DAB1AFB1243BA58200D381A0 /* Release */ = {
			isa = XCBuildConfiguration;
			buildSettings = {
				ASSETCATALOG_COMPILER_APPICON_NAME = AppIcon;
				CODE_SIGN_STYLE = Automatic;
				DEVELOPMENT_TEAM = 7H749SZ6XX;
				INFOPLIST_FILE = CleanIOSArchitecture/Info.plist;
				LD_RUNPATH_SEARCH_PATHS = (
					"$(inherited)",
					"@executable_path/Frameworks",
				);
				PRODUCT_BUNDLE_IDENTIFIER = com.CleanIOSArchitecture;
				PRODUCT_NAME = "$(TARGET_NAME)";
				SWIFT_VERSION = 5.0;
				TARGETED_DEVICE_FAMILY = "1,2";
			};
			name = Release;
		};
		DAB1AFB3243BA58200D381A0 /* Debug */ = {
			isa = XCBuildConfiguration;
			buildSettings = {
				ALWAYS_EMBED_SWIFT_STANDARD_LIBRARIES = YES;
				BUNDLE_LOADER = "$(TEST_HOST)";
				CODE_SIGN_STYLE = Automatic;
				DEVELOPMENT_TEAM = 7H749SZ6XX;
				INFOPLIST_FILE = CleanIOSArchitectureTests/Info.plist;
				IPHONEOS_DEPLOYMENT_TARGET = 13.2;
				LD_RUNPATH_SEARCH_PATHS = (
					"$(inherited)",
					"@executable_path/Frameworks",
					"@loader_path/Frameworks",
				);
				PRODUCT_BUNDLE_IDENTIFIER = com.CleanIOSArchitectureTests;
				PRODUCT_NAME = "$(TARGET_NAME)";
				SWIFT_VERSION = 5.0;
				TARGETED_DEVICE_FAMILY = "1,2";
				TEST_HOST = "$(BUILT_PRODUCTS_DIR)/CleanIOSArchitecture.app/CleanIOSArchitecture";
			};
			name = Debug;
		};
		DAB1AFB4243BA58200D381A0 /* Release */ = {
			isa = XCBuildConfiguration;
			buildSettings = {
				ALWAYS_EMBED_SWIFT_STANDARD_LIBRARIES = YES;
				BUNDLE_LOADER = "$(TEST_HOST)";
				CODE_SIGN_STYLE = Automatic;
				DEVELOPMENT_TEAM = 7H749SZ6XX;
				INFOPLIST_FILE = CleanIOSArchitectureTests/Info.plist;
				IPHONEOS_DEPLOYMENT_TARGET = 13.2;
				LD_RUNPATH_SEARCH_PATHS = (
					"$(inherited)",
					"@executable_path/Frameworks",
					"@loader_path/Frameworks",
				);
				PRODUCT_BUNDLE_IDENTIFIER = com.CleanIOSArchitectureTests;
				PRODUCT_NAME = "$(TARGET_NAME)";
				SWIFT_VERSION = 5.0;
				TARGETED_DEVICE_FAMILY = "1,2";
				TEST_HOST = "$(BUILT_PRODUCTS_DIR)/CleanIOSArchitecture.app/CleanIOSArchitecture";
			};
			name = Release;
		};
/* End XCBuildConfiguration section */

/* Begin XCConfigurationList section */
		DAB1AF8B243BA58100D381A0 /* Build configuration list for PBXProject "CleanIOSArchitecture" */ = {
			isa = XCConfigurationList;
			buildConfigurations = (
				DAB1AFAD243BA58200D381A0 /* Debug */,
				DAB1AFAE243BA58200D381A0 /* Release */,
			);
			defaultConfigurationIsVisible = 0;
			defaultConfigurationName = Release;
		};
		DAB1AFAF243BA58200D381A0 /* Build configuration list for PBXNativeTarget "CleanIOSArchitecture" */ = {
			isa = XCConfigurationList;
			buildConfigurations = (
				DAB1AFB0243BA58200D381A0 /* Debug */,
				DAB1AFB1243BA58200D381A0 /* Release */,
			);
			defaultConfigurationIsVisible = 0;
			defaultConfigurationName = Release;
		};
		DAB1AFB2243BA58200D381A0 /* Build configuration list for PBXNativeTarget "CleanIOSArchitectureTests" */ = {
			isa = XCConfigurationList;
			buildConfigurations = (
				DAB1AFB3243BA58200D381A0 /* Debug */,
				DAB1AFB4243BA58200D381A0 /* Release */,
			);
			defaultConfigurationIsVisible = 0;
			defaultConfigurationName = Release;
		};
/* End XCConfigurationList section */
	};
	rootObject = DAB1AF88243BA58100D381A0 /* Project object */;
}
